
Microsoft Visual Studio Solution File, Format Version 12.00
# Visual Studio Version 17
VisualStudioVersion = 17.13.35825.156 d17.13
MinimumVisualStudioVersion = 10.0.40219.1
Project("{FAE04EC0-301F-11D3-BF4B-00C04F79EFBC}") = "DPM225416_LyDuc_Patern01_AbstractFactory", "DPM225416_LyDuc_Patern01_AbstractFactory\DPM225416_LyDuc_Patern01_AbstractFactory.csproj", "{D1F5DA12-B6C2-47B3-B132-2F8936A5290E}"
EndProject
Project("{FAE04EC0-301F-11D3-BF4B-00C04F79EFBC}") = "DPM225416_LyDuc_Real01_AbstractFactory", "DPM225416_LyDuc_Real01_AbstractFactory\DPM225416_LyDuc_Real01_AbstractFactory.csproj", "{8BD2E74F-F967-41C1-993B-BA056BDB2143}"
EndProject
Project("{FAE04EC0-301F-11D3-BF4B-00C04F79EFBC}") = "DPM225416_LyDuc_Patern02_Builder", "DPM225416_LyDuc_Patern02_Builder\DPM225416_LyDuc_Patern02_Builder.csproj", "{0DC17DA4-2B5A-4C23-9C35-617C0F3D367E}"
EndProject
Project("{FAE04EC0-301F-11D3-BF4B-00C04F79EFBC}") = "DPM225416_LyDuc_Real02_Builder", "DPM225416_LyDuc_Real02_Builder\DPM225416_LyDuc_Real02_Builder.csproj", "{73B93864-0A23-420C-9B7D-116B12D852F7}"
EndProject
Project("{FAE04EC0-301F-11D3-BF4B-00C04F79EFBC}") = "DPM225416_LyDuc_Example01_AbstractFactory", "DPM225416_LyDuc_Example01_AbstractFactory\DPM225416_LyDuc_Example01_AbstractFactory.csproj", "{D9198FB5-B03D-4B42-BB00-0C819FEF9F0D}"
EndProject
Global
	GlobalSection(SolutionConfigurationPlatforms) = preSolution
		Debug|Any CPU = Debug|Any CPU
		Release|Any CPU = Release|Any CPU
	EndGlobalSection
	GlobalSection(ProjectConfigurationPlatforms) = postSolution
		{D1F5DA12-B6C2-47B3-B132-2F8936A5290E}.Debug|Any CPU.ActiveCfg = Debug|Any CPU
		{D1F5DA12-B6C2-47B3-B132-2F8936A5290E}.Debug|Any CPU.Build.0 = Debug|Any CPU
		{D1F5DA12-B6C2-47B3-B132-2F8936A5290E}.Release|Any CPU.ActiveCfg = Release|Any CPU
		{D1F5DA12-B6C2-47B3-B132-2F8936A5290E}.Release|Any CPU.Build.0 = Release|Any CPU
		{8BD2E74F-F967-41C1-993B-BA056BDB2143}.Debug|Any CPU.ActiveCfg = Debug|Any CPU
		{8BD2E74F-F967-41C1-993B-BA056BDB2143}.Debug|Any CPU.Build.0 = Debug|Any CPU
		{8BD2E74F-F967-41C1-993B-BA056BDB2143}.Release|Any CPU.ActiveCfg = Release|Any CPU
		{8BD2E74F-F967-41C1-993B-BA056BDB2143}.Release|Any CPU.Build.0 = Release|Any CPU
		{0DC17DA4-2B5A-4C23-9C35-617C0F3D367E}.Debug|Any CPU.ActiveCfg = Debug|Any CPU
		{0DC17DA4-2B5A-4C23-9C35-617C0F3D367E}.Debug|Any CPU.Build.0 = Debug|Any CPU
		{0DC17DA4-2B5A-4C23-9C35-617C0F3D367E}.Release|Any CPU.ActiveCfg = Release|Any CPU
		{0DC17DA4-2B5A-4C23-9C35-617C0F3D367E}.Release|Any CPU.Build.0 = Release|Any CPU
		{73B93864-0A23-420C-9B7D-116B12D852F7}.Debug|Any CPU.ActiveCfg = Debug|Any CPU
		{73B93864-0A23-420C-9B7D-116B12D852F7}.Debug|Any CPU.Build.0 = Debug|Any CPU
		{73B93864-0A23-420C-9B7D-116B12D852F7}.Release|Any CPU.ActiveCfg = Release|Any CPU
		{73B93864-0A23-420C-9B7D-116B12D852F7}.Release|Any CPU.Build.0 = Release|Any CPU
		{D9198FB5-B03D-4B42-BB00-0C819FEF9F0D}.Debug|Any CPU.ActiveCfg = Debug|Any CPU
		{D9198FB5-B03D-4B42-BB00-0C819FEF9F0D}.Debug|Any CPU.Build.0 = Debug|Any CPU
		{D9198FB5-B03D-4B42-BB00-0C819FEF9F0D}.Release|Any CPU.ActiveCfg = Release|Any CPU
		{D9198FB5-B03D-4B42-BB00-0C819FEF9F0D}.Release|Any CPU.Build.0 = Release|Any CPU
	EndGlobalSection
	GlobalSection(SolutionProperties) = preSolution
		HideSolutionNode = FALSE
	EndGlobalSection
	GlobalSection(ExtensibilityGlobals) = postSolution
		SolutionGuid = {01D57CB8-2C76-4D10-968A-E7085AE8678A}
	EndGlobalSection
EndGlobal
